
Microsoft Visual Studio Solution File, Format Version 12.00
# Visual Studio Version 17
VisualStudioVersion = 17.7.34031.279
MinimumVisualStudioVersion = 10.0.40219.1
Project("{FAE04EC0-301F-11D3-BF4B-00C04F79EFBC}") = "3_2", "3_2\3_2.csproj", "{43D76A79-134C-446D-B0D4-EBCBBA03C9F4}"
EndProject
Global
	GlobalSection(SolutionConfigurationPlatforms) = preSolution
		Debug|Any CPU = Debug|Any CPU
		Release|Any CPU = Release|Any CPU
	EndGlobalSection
	GlobalSection(ProjectConfigurationPlatforms) = postSolution
		{43D76A79-134C-446D-B0D4-EBCBBA03C9F4}.Debug|Any CPU.ActiveCfg = Debug|Any CPU
		{43D76A79-134C-446D-B0D4-EBCBBA03C9F4}.Debug|Any CPU.Build.0 = Debug|Any CPU
		{43D76A79-134C-446D-B0D4-EBCBBA03C9F4}.Release|Any CPU.ActiveCfg = Release|Any CPU
		{43D76A79-134C-446D-B0D4-EBCBBA03C9F4}.Release|Any CPU.Build.0 = Release|Any CPU
	EndGlobalSection
	GlobalSection(SolutionProperties) = preSolution
		HideSolutionNode = FALSE
	EndGlobalSection
	GlobalSection(ExtensibilityGlobals) = postSolution
		SolutionGuid = {E791830F-D075-41C7-9061-97696177516B}
	EndGlobalSection
EndGlobal
