
Microsoft Visual Studio Solution File, Format Version 12.00
# Visual Studio Version 17
VisualStudioVersion = 17.7.34031.279
MinimumVisualStudioVersion = 10.0.40219.1
Project("{FAE04EC0-301F-11D3-BF4B-00C04F79EFBC}") = "3_1", "3_1\3_1.csproj", "{DB7C5237-D679-4589-BA24-CC951ABFE89F}"
EndProject
Global
	GlobalSection(SolutionConfigurationPlatforms) = preSolution
		Debug|Any CPU = Debug|Any CPU
		Release|Any CPU = Release|Any CPU
	EndGlobalSection
	GlobalSection(ProjectConfigurationPlatforms) = postSolution
		{DB7C5237-D679-4589-BA24-CC951ABFE89F}.Debug|Any CPU.ActiveCfg = Debug|Any CPU
		{DB7C5237-D679-4589-BA24-CC951ABFE89F}.Debug|Any CPU.Build.0 = Debug|Any CPU
		{DB7C5237-D679-4589-BA24-CC951ABFE89F}.Release|Any CPU.ActiveCfg = Release|Any CPU
		{DB7C5237-D679-4589-BA24-CC951ABFE89F}.Release|Any CPU.Build.0 = Release|Any CPU
	EndGlobalSection
	GlobalSection(SolutionProperties) = preSolution
		HideSolutionNode = FALSE
	EndGlobalSection
	GlobalSection(ExtensibilityGlobals) = postSolution
		SolutionGuid = {D000520A-BD25-4069-9E03-D3E8AB1E74C6}
	EndGlobalSection
EndGlobal
