
Microsoft Visual Studio Solution File, Format Version 12.00
# Visual Studio Version 17
VisualStudioVersion = 17.7.34031.279
MinimumVisualStudioVersion = 10.0.40219.1
Project("{FAE04EC0-301F-11D3-BF4B-00C04F79EFBC}") = "1-Bingo_Card_Generator", "1-Bingo_Card_Generator\1-Bingo_Card_Generator.csproj", "{D17881A3-0659-44D5-AB2D-A1AE35747DA7}"
EndProject
Global
	GlobalSection(SolutionConfigurationPlatforms) = preSolution
		Debug|Any CPU = Debug|Any CPU
		Release|Any CPU = Release|Any CPU
	EndGlobalSection
	GlobalSection(ProjectConfigurationPlatforms) = postSolution
		{D17881A3-0659-44D5-AB2D-A1AE35747DA7}.Debug|Any CPU.ActiveCfg = Debug|Any CPU
		{D17881A3-0659-44D5-AB2D-A1AE35747DA7}.Debug|Any CPU.Build.0 = Debug|Any CPU
		{D17881A3-0659-44D5-AB2D-A1AE35747DA7}.Release|Any CPU.ActiveCfg = Release|Any CPU
		{D17881A3-0659-44D5-AB2D-A1AE35747DA7}.Release|Any CPU.Build.0 = Release|Any CPU
	EndGlobalSection
	GlobalSection(SolutionProperties) = preSolution
		HideSolutionNode = FALSE
	EndGlobalSection
	GlobalSection(ExtensibilityGlobals) = postSolution
		SolutionGuid = {27C1EB1F-4F04-4B55-A4B7-85B31AAC082F}
	EndGlobalSection
EndGlobal
