
Microsoft Visual Studio Solution File, Format Version 12.00
# Visual Studio Version 17
VisualStudioVersion = 17.7.34018.315
MinimumVisualStudioVersion = 10.0.40219.1
Project("{FAE04EC0-301F-11D3-BF4B-00C04F79EFBC}") = "Inheritance_Shapes", "Inheritance_Shapes\Inheritance_Shapes.csproj", "{2246FD4D-7270-47A4-87FE-2FA55650EFD1}"
EndProject
Global
	GlobalSection(SolutionConfigurationPlatforms) = preSolution
		Debug|Any CPU = Debug|Any CPU
		Release|Any CPU = Release|Any CPU
	EndGlobalSection
	GlobalSection(ProjectConfigurationPlatforms) = postSolution
		{2246FD4D-7270-47A4-87FE-2FA55650EFD1}.Debug|Any CPU.ActiveCfg = Debug|Any CPU
		{2246FD4D-7270-47A4-87FE-2FA55650EFD1}.Debug|Any CPU.Build.0 = Debug|Any CPU
		{2246FD4D-7270-47A4-87FE-2FA55650EFD1}.Release|Any CPU.ActiveCfg = Release|Any CPU
		{2246FD4D-7270-47A4-87FE-2FA55650EFD1}.Release|Any CPU.Build.0 = Release|Any CPU
	EndGlobalSection
	GlobalSection(SolutionProperties) = preSolution
		HideSolutionNode = FALSE
	EndGlobalSection
	GlobalSection(ExtensibilityGlobals) = postSolution
		SolutionGuid = {5CC632C6-161C-479C-827F-7680E7964AD0}
	EndGlobalSection
EndGlobal
