
Microsoft Visual Studio Solution File, Format Version 12.00
# Visual Studio Version 17
VisualStudioVersion = 17.7.34031.279
MinimumVisualStudioVersion = 10.0.40219.1
Project("{FAE04EC0-301F-11D3-BF4B-00C04F79EFBC}") = "Queue", "Queue\Queue.csproj", "{E723F089-7C20-41E1-8291-889FC8F00867}"
EndProject
Global
	GlobalSection(SolutionConfigurationPlatforms) = preSolution
		Debug|Any CPU = Debug|Any CPU
		Release|Any CPU = Release|Any CPU
	EndGlobalSection
	GlobalSection(ProjectConfigurationPlatforms) = postSolution
		{E723F089-7C20-41E1-8291-889FC8F00867}.Debug|Any CPU.ActiveCfg = Debug|Any CPU
		{E723F089-7C20-41E1-8291-889FC8F00867}.Debug|Any CPU.Build.0 = Debug|Any CPU
		{E723F089-7C20-41E1-8291-889FC8F00867}.Release|Any CPU.ActiveCfg = Release|Any CPU
		{E723F089-7C20-41E1-8291-889FC8F00867}.Release|Any CPU.Build.0 = Release|Any CPU
	EndGlobalSection
	GlobalSection(SolutionProperties) = preSolution
		HideSolutionNode = FALSE
	EndGlobalSection
	GlobalSection(ExtensibilityGlobals) = postSolution
		SolutionGuid = {A1B44C22-B580-47CA-913C-ADD8C4DADB06}
	EndGlobalSection
EndGlobal
