
Microsoft Visual Studio Solution File, Format Version 12.00
# Visual Studio Version 17
VisualStudioVersion = 17.7.34018.315
MinimumVisualStudioVersion = 10.0.40219.1
Project("{9A19103F-16F7-4668-BE54-9A1E7A4F7556}") = "1-Person_management", "1-Person_management\1-Person_management.csproj", "{E0D2299D-BE43-4273-877C-64612753FC68}"
EndProject
Project("{FAE04EC0-301F-11D3-BF4B-00C04F79EFBC}") = "PersonManagement_Test", "PersonManagement_Test\PersonManagement_Test.csproj", "{AE5EFF1B-DA5F-46D0-A7F8-7128DB87F342}"
EndProject
Global
	GlobalSection(SolutionConfigurationPlatforms) = preSolution
		Debug|Any CPU = Debug|Any CPU
		Release|Any CPU = Release|Any CPU
	EndGlobalSection
	GlobalSection(ProjectConfigurationPlatforms) = postSolution
		{E0D2299D-BE43-4273-877C-64612753FC68}.Debug|Any CPU.ActiveCfg = Debug|Any CPU
		{E0D2299D-BE43-4273-877C-64612753FC68}.Debug|Any CPU.Build.0 = Debug|Any CPU
		{E0D2299D-BE43-4273-877C-64612753FC68}.Release|Any CPU.ActiveCfg = Release|Any CPU
		{E0D2299D-BE43-4273-877C-64612753FC68}.Release|Any CPU.Build.0 = Release|Any CPU
		{AE5EFF1B-DA5F-46D0-A7F8-7128DB87F342}.Debug|Any CPU.ActiveCfg = Debug|Any CPU
		{AE5EFF1B-DA5F-46D0-A7F8-7128DB87F342}.Debug|Any CPU.Build.0 = Debug|Any CPU
		{AE5EFF1B-DA5F-46D0-A7F8-7128DB87F342}.Release|Any CPU.ActiveCfg = Release|Any CPU
		{AE5EFF1B-DA5F-46D0-A7F8-7128DB87F342}.Release|Any CPU.Build.0 = Release|Any CPU
	EndGlobalSection
	GlobalSection(SolutionProperties) = preSolution
		HideSolutionNode = FALSE
	EndGlobalSection
	GlobalSection(ExtensibilityGlobals) = postSolution
		SolutionGuid = {B95A8D5D-6AED-4851-B027-C79C048E608D}
	EndGlobalSection
EndGlobal
