
Microsoft Visual Studio Solution File, Format Version 12.00
# Visual Studio Version 17
VisualStudioVersion = 17.7.34031.279
MinimumVisualStudioVersion = 10.0.40219.1
Project("{FAE04EC0-301F-11D3-BF4B-00C04F79EFBC}") = "2_1", "2_1\2_1.csproj", "{96803899-174E-4445-9B40-D00C38D7CD8B}"
EndProject
Global
	GlobalSection(SolutionConfigurationPlatforms) = preSolution
		Debug|Any CPU = Debug|Any CPU
		Release|Any CPU = Release|Any CPU
	EndGlobalSection
	GlobalSection(ProjectConfigurationPlatforms) = postSolution
		{96803899-174E-4445-9B40-D00C38D7CD8B}.Debug|Any CPU.ActiveCfg = Debug|Any CPU
		{96803899-174E-4445-9B40-D00C38D7CD8B}.Debug|Any CPU.Build.0 = Debug|Any CPU
		{96803899-174E-4445-9B40-D00C38D7CD8B}.Release|Any CPU.ActiveCfg = Release|Any CPU
		{96803899-174E-4445-9B40-D00C38D7CD8B}.Release|Any CPU.Build.0 = Release|Any CPU
	EndGlobalSection
	GlobalSection(SolutionProperties) = preSolution
		HideSolutionNode = FALSE
	EndGlobalSection
	GlobalSection(ExtensibilityGlobals) = postSolution
		SolutionGuid = {9C7219AD-A0E5-4407-BC44-B5FFECFB5D12}
	EndGlobalSection
EndGlobal
