
Microsoft Visual Studio Solution File, Format Version 12.00
# Visual Studio Version 17
VisualStudioVersion = 17.7.34031.279
MinimumVisualStudioVersion = 10.0.40219.1
Project("{FAE04EC0-301F-11D3-BF4B-00C04F79EFBC}") = "1_3", "1_3\1_3.csproj", "{15077F87-3BEC-4B9F-970E-E01D31894176}"
EndProject
Global
	GlobalSection(SolutionConfigurationPlatforms) = preSolution
		Debug|Any CPU = Debug|Any CPU
		Release|Any CPU = Release|Any CPU
	EndGlobalSection
	GlobalSection(ProjectConfigurationPlatforms) = postSolution
		{15077F87-3BEC-4B9F-970E-E01D31894176}.Debug|Any CPU.ActiveCfg = Debug|Any CPU
		{15077F87-3BEC-4B9F-970E-E01D31894176}.Debug|Any CPU.Build.0 = Debug|Any CPU
		{15077F87-3BEC-4B9F-970E-E01D31894176}.Release|Any CPU.ActiveCfg = Release|Any CPU
		{15077F87-3BEC-4B9F-970E-E01D31894176}.Release|Any CPU.Build.0 = Release|Any CPU
	EndGlobalSection
	GlobalSection(SolutionProperties) = preSolution
		HideSolutionNode = FALSE
	EndGlobalSection
	GlobalSection(ExtensibilityGlobals) = postSolution
		SolutionGuid = {A26B9F4C-61FB-4502-88BE-9E9466DEDE4B}
	EndGlobalSection
EndGlobal
